
Microsoft Visual Studio Solution File, Format Version 12.00
# Visual Studio 15
VisualStudioVersion = 15.0.26430.14
MinimumVisualStudioVersion = 10.0.40219.1
Project("{9A19103F-16F7-4668-BE54-9A1E7A4F7556}") = "Ducklings", "Ducklings\Ducklings.csproj", "{9E694390-13A5-4296-8F74-A86F3B79D23E}"
EndProject
Project("{9A19103F-16F7-4668-BE54-9A1E7A4F7556}") = "Salamander", "..\Salamander\Salamander\Salamander.csproj", "{0F0B317B-1DA2-4FD5-BB59-B1B69C781785}"
EndProject
Global
	GlobalSection(SolutionConfigurationPlatforms) = preSolution
		Debug|Any CPU = Debug|Any CPU
		Release|Any CPU = Release|Any CPU
	EndGlobalSection
	GlobalSection(ProjectConfigurationPlatforms) = postSolution
		{9E694390-13A5-4296-8F74-A86F3B79D23E}.Debug|Any CPU.ActiveCfg = Debug|Any CPU
		{9E694390-13A5-4296-8F74-A86F3B79D23E}.Debug|Any CPU.Build.0 = Debug|Any CPU
		{9E694390-13A5-4296-8F74-A86F3B79D23E}.Release|Any CPU.ActiveCfg = Release|Any CPU
		{9E694390-13A5-4296-8F74-A86F3B79D23E}.Release|Any CPU.Build.0 = Release|Any CPU
		{0F0B317B-1DA2-4FD5-BB59-B1B69C781785}.Debug|Any CPU.ActiveCfg = Debug|Any CPU
		{0F0B317B-1DA2-4FD5-BB59-B1B69C781785}.Debug|Any CPU.Build.0 = Debug|Any CPU
		{0F0B317B-1DA2-4FD5-BB59-B1B69C781785}.Release|Any CPU.ActiveCfg = Release|Any CPU
		{0F0B317B-1DA2-4FD5-BB59-B1B69C781785}.Release|Any CPU.Build.0 = Release|Any CPU
	EndGlobalSection
	GlobalSection(SolutionProperties) = preSolution
		HideSolutionNode = FALSE
	EndGlobalSection
EndGlobal
